
Microsoft Visual Studio Solution File, Format Version 12.00
# Visual Studio Version 17
VisualStudioVersion = 17.1.32421.90
MinimumVisualStudioVersion = 10.0.40219.1
Project("{9A19103F-16F7-4668-BE54-9A1E7A4F7556}") = "Entra21.ExemplosWhile", "Entra21.ExemplosWhile\Entra21.ExemplosWhile.csproj", "{3F63E07D-8C79-4909-B3E7-D28BB0CB7016}"
EndProject
Project("{9A19103F-16F7-4668-BE54-9A1E7A4F7556}") = "Entra21ExercicosWhile", "Entra21ExercicosWhile\Entra21ExercicosWhile.csproj", "{065FFBAD-AB24-4D1B-AAB9-9779BC267E6E}"
EndProject
Project("{FAE04EC0-301F-11D3-BF4B-00C04F79EFBC}") = "ExerciciosForTryCatch", "ExerciciosForTryCatch\ExerciciosForTryCatch.csproj", "{54DD4DC5-9E70-4D60-90BF-B8695A4D2638}"
EndProject
Global
	GlobalSection(SolutionConfigurationPlatforms) = preSolution
		Debug|Any CPU = Debug|Any CPU
		Release|Any CPU = Release|Any CPU
	EndGlobalSection
	GlobalSection(ProjectConfigurationPlatforms) = postSolution
		{3F63E07D-8C79-4909-B3E7-D28BB0CB7016}.Debug|Any CPU.ActiveCfg = Debug|Any CPU
		{3F63E07D-8C79-4909-B3E7-D28BB0CB7016}.Debug|Any CPU.Build.0 = Debug|Any CPU
		{3F63E07D-8C79-4909-B3E7-D28BB0CB7016}.Release|Any CPU.ActiveCfg = Release|Any CPU
		{3F63E07D-8C79-4909-B3E7-D28BB0CB7016}.Release|Any CPU.Build.0 = Release|Any CPU
		{065FFBAD-AB24-4D1B-AAB9-9779BC267E6E}.Debug|Any CPU.ActiveCfg = Debug|Any CPU
		{065FFBAD-AB24-4D1B-AAB9-9779BC267E6E}.Debug|Any CPU.Build.0 = Debug|Any CPU
		{065FFBAD-AB24-4D1B-AAB9-9779BC267E6E}.Release|Any CPU.ActiveCfg = Release|Any CPU
		{065FFBAD-AB24-4D1B-AAB9-9779BC267E6E}.Release|Any CPU.Build.0 = Release|Any CPU
		{54DD4DC5-9E70-4D60-90BF-B8695A4D2638}.Debug|Any CPU.ActiveCfg = Debug|Any CPU
		{54DD4DC5-9E70-4D60-90BF-B8695A4D2638}.Debug|Any CPU.Build.0 = Debug|Any CPU
		{54DD4DC5-9E70-4D60-90BF-B8695A4D2638}.Release|Any CPU.ActiveCfg = Release|Any CPU
		{54DD4DC5-9E70-4D60-90BF-B8695A4D2638}.Release|Any CPU.Build.0 = Release|Any CPU
	EndGlobalSection
	GlobalSection(SolutionProperties) = preSolution
		HideSolutionNode = FALSE
	EndGlobalSection
	GlobalSection(ExtensibilityGlobals) = postSolution
		SolutionGuid = {808EC60D-8AFD-40C5-9C9A-1BFFAF7DA726}
	EndGlobalSection
EndGlobal
